<?xml version="1.0" encoding="utf-8"?>
<Project ToolsVersion="4.0" xmlns="http://schemas.microsoft.com/developer/msbuild/2003">
  <ItemGroup>
    <Filter Include="Source Files">
      <UniqueIdentifier>{4FC737F1-C7A5-4376-A066-2A32D752A2FF}</UniqueIdentifier>
      <Extensions>cpp;c;cc;cxx;def;odl;idl;hpj;bat;asm;asmx</Extensions>
    </Filter>
    <Filter Include="Header Files">
      <UniqueIdentifier>{93995380-89BD-4b04-88EB-625FBE52EBFB}</UniqueIdentifier>
      <Extensions>h;hpp;hxx;hm;inl;inc;xsd</Extensions>
    </Filter>
    <Filter Include="Resource Files">
      <UniqueIdentifier>{67DA6AB6-F800-4c08-8B7A-83BB121AAD01}</UniqueIdentifier>
      <Extensions>rc;ico;cur;bmp;dlg;rc2;rct;bin;rgs;gif;jpg;jpeg;jpe;resx;tiff;tif;png;wav</Extensions>
    </Filter>
  </ItemGroup>
  <ItemGroup>
    <ClCompile Include="partial_source\builddisplaylists.cpp">
      <Filter>Source Files</Filter>
    </ClCompile>
    <ClCompile Include="partial_source\button.cpp">
      <Filter>Source Files</Filter>
    </ClCompile>
    <ClCompile Include="partial_source\buttoncallbacks.cpp">
      <Filter>Source Files</Filter>
    </ClCompile>
    <ClCompile Include="partial_source\C_DotEater.cpp">
      <Filter>Source Files</Filter>
    </ClCompile>
    <ClCompile Include="partial_source\C_GHost.cpp">
      <Filter>Source Files</Filter>
    </ClCompile>
    <ClCompile Include="partial_source\clipboard.cpp">
      <Filter>Source Files</Filter>
    </ClCompile>
    <ClCompile Include="partial_source\commandline.cpp">
      <Filter>Source Files</Filter>
    </ClCompile>
    <ClCompile Include="partial_source\CommonSpriteAttributes.cpp">
      <Filter>Source Files</Filter>
    </ClCompile>
    <ClCompile Include="partial_source\console.cpp">
      <Filter>Source Files</Filter>
    </ClCompile>
    <ClCompile Include="partial_source\cosolecommands.cpp">
      <Filter>Source Files</Filter>
    </ClCompile>
    <ClCompile Include="partial_source\gamekeys.cpp">
      <Filter>Source Files</Filter>
    </ClCompile>
    <ClCompile Include="partial_source\gamestate.cpp">
      <Filter>Source Files</Filter>
    </ClCompile>
    <ClCompile Include="partial_source\gettext.cpp">
      <Filter>Source Files</Filter>
    </ClCompile>
    <ClCompile Include="partial_source\handlecollisions.cpp">
      <Filter>Source Files</Filter>
    </ClCompile>
    <ClCompile Include="partial_source\initialise.cpp">
      <Filter>Source Files</Filter>
    </ClCompile>
    <ClCompile Include="partial_source\listbox.cpp">
      <Filter>Source Files</Filter>
    </ClCompile>
    <ClCompile Include="partial_source\load.cpp">
      <Filter>Source Files</Filter>
    </ClCompile>
    <ClCompile Include="partial_source\main.cpp">
      <Filter>Source Files</Filter>
    </ClCompile>
    <ClCompile Include="partial_source\mainfunctions.cpp">
      <Filter>Source Files</Filter>
    </ClCompile>
    <ClCompile Include="partial_source\masterserver.cpp">
      <Filter>Source Files</Filter>
    </ClCompile>
    <ClCompile Include="partial_source\messagehandler.cpp">
      <Filter>Source Files</Filter>
    </ClCompile>
    <ClCompile Include="partial_source\networkclient.cpp">
      <Filter>Source Files</Filter>
    </ClCompile>
    <ClCompile Include="partial_source\networkcommands.cpp">
      <Filter>Source Files</Filter>
    </ClCompile>
    <ClCompile Include="partial_source\networkmain.cpp">
      <Filter>Source Files</Filter>
    </ClCompile>
    <ClCompile Include="partial_source\networkserver.cpp">
      <Filter>Source Files</Filter>
    </ClCompile>
    <ClCompile Include="partial_source\render.cpp">
      <Filter>Source Files</Filter>
    </ClCompile>
    <ClCompile Include="partial_source\save.cpp">
      <Filter>Source Files</Filter>
    </ClCompile>
    <ClCompile Include="partial_source\selection.cpp">
      <Filter>Source Files</Filter>
    </ClCompile>
    <ClCompile Include="partial_source\sound.cpp">
      <Filter>Source Files</Filter>
    </ClCompile>
    <ClCompile Include="partial_source\UpdateObjects.cpp">
      <Filter>Source Files</Filter>
    </ClCompile>
    <ClCompile Include="partial_source\winsock.cpp">
      <Filter>Source Files</Filter>
    </ClCompile>
  </ItemGroup>
  <ItemGroup>
    <ClInclude Include="partial_source\C_DotEater.h">
      <Filter>Header Files</Filter>
    </ClInclude>
    <ClInclude Include="partial_source\C_GHost.h">
      <Filter>Header Files</Filter>
    </ClInclude>
    <ClInclude Include="partial_source\CommonSpriteAttributes.h">
      <Filter>Header Files</Filter>
    </ClInclude>
    <ClInclude Include="partial_source\main.h">
      <Filter>Header Files</Filter>
    </ClInclude>
    <ClInclude Include="partial_source\resource.h">
      <Filter>Header Files</Filter>
    </ClInclude>
  </ItemGroup>
  <ItemGroup>
    <ResourceCompile Include="partial_source\resource.rc">
      <Filter>Resource Files</Filter>
    </ResourceCompile>
  </ItemGroup>
  <ItemGroup>
    <Image Include="partial_source\gldoteater.ico">
      <Filter>Resource Files</Filter>
    </Image>
    <Image Include="partial_source\gldoteaters.ico">
      <Filter>Resource Files</Filter>
    </Image>
  </ItemGroup>
</Project>