
Microsoft Visual Studio Solution File, Format Version 9.00
# Visual C++ Express 2005
Project("{8BC9CEB8-8B4A-11D0-8D11-00A0C91BC942}") = "TileImporter", "TileImporter.vcproj", "{FAF94D24-08D8-4691-97DE-F99D482F8792}"
EndProject
Global
	GlobalSection(SolutionConfigurationPlatforms) = preSolution
		Debug|Win32 = Debug|Win32
		Release|Win32 = Release|Win32
	EndGlobalSection
	GlobalSection(ProjectConfigurationPlatforms) = postSolution
		{FAF94D24-08D8-4691-97DE-F99D482F8792}.Debug|Win32.ActiveCfg = Debug|Win32
		{FAF94D24-08D8-4691-97DE-F99D482F8792}.Debug|Win32.Build.0 = Debug|Win32
		{FAF94D24-08D8-4691-97DE-F99D482F8792}.Release|Win32.ActiveCfg = Release|Win32
		{FAF94D24-08D8-4691-97DE-F99D482F8792}.Release|Win32.Build.0 = Release|Win32
	EndGlobalSection
	GlobalSection(SolutionProperties) = preSolution
		HideSolutionNode = FALSE
	EndGlobalSection
EndGlobal
